
Microsoft Visual Studio Solution File, Format Version 12.00
# Visual Studio Version 17
VisualStudioVersion = 17.5.33424.131
MinimumVisualStudioVersion = 10.0.40219.1
Project("{FAE04EC0-301F-11D3-BF4B-00C04F79EFBC}") = "CafeOtomasyonu", "CafeOtomasyonu\CafeOtomasyonu.csproj", "{E7261C8E-F86D-46E7-B382-EE9AD4F98D42}"
EndProject
Global
	GlobalSection(SolutionConfigurationPlatforms) = preSolution
		Debug|Any CPU = Debug|Any CPU
		Release|Any CPU = Release|Any CPU
	EndGlobalSection
	GlobalSection(ProjectConfigurationPlatforms) = postSolution
		{E7261C8E-F86D-46E7-B382-EE9AD4F98D42}.Debug|Any CPU.ActiveCfg = Debug|Any CPU
		{E7261C8E-F86D-46E7-B382-EE9AD4F98D42}.Debug|Any CPU.Build.0 = Debug|Any CPU
		{E7261C8E-F86D-46E7-B382-EE9AD4F98D42}.Release|Any CPU.ActiveCfg = Release|Any CPU
		{E7261C8E-F86D-46E7-B382-EE9AD4F98D42}.Release|Any CPU.Build.0 = Release|Any CPU
	EndGlobalSection
	GlobalSection(SolutionProperties) = preSolution
		HideSolutionNode = FALSE
	EndGlobalSection
	GlobalSection(ExtensibilityGlobals) = postSolution
		SolutionGuid = {6A2BC673-15BE-4EC3-9E59-35B46FD4AD53}
	EndGlobalSection
EndGlobal
